
Microsoft Visual Studio Solution File, Format Version 12.00
# Visual Studio Version 17
VisualStudioVersion = 17.5.33424.131
MinimumVisualStudioVersion = 10.0.40219.1
Project("{FAE04EC0-301F-11D3-BF4B-00C04F79EFBC}") = "ClientServerBroadcast", "ClientServerBroadcast\ClientServerBroadcast.csproj", "{94F14674-4898-4A8B-A3DF-11F97E976D89}"
EndProject
Project("{FAE04EC0-301F-11D3-BF4B-00C04F79EFBC}") = "ServerBroadcast", "ServerBroadcast\ServerBroadcast.csproj", "{A6CC8007-B382-48FE-AD5F-FDE25FBE0508}"
EndProject
Project("{FAE04EC0-301F-11D3-BF4B-00C04F79EFBC}") = "ClientBroadcast", "ClientBroadcast\ClientBroadcast.csproj", "{A0FB7DF3-1A88-40C9-8724-178548609415}"
EndProject
Global
	GlobalSection(SolutionConfigurationPlatforms) = preSolution
		Debug|Any CPU = Debug|Any CPU
		Release|Any CPU = Release|Any CPU
	EndGlobalSection
	GlobalSection(ProjectConfigurationPlatforms) = postSolution
		{94F14674-4898-4A8B-A3DF-11F97E976D89}.Debug|Any CPU.ActiveCfg = Debug|Any CPU
		{94F14674-4898-4A8B-A3DF-11F97E976D89}.Debug|Any CPU.Build.0 = Debug|Any CPU
		{94F14674-4898-4A8B-A3DF-11F97E976D89}.Release|Any CPU.ActiveCfg = Release|Any CPU
		{94F14674-4898-4A8B-A3DF-11F97E976D89}.Release|Any CPU.Build.0 = Release|Any CPU
		{A6CC8007-B382-48FE-AD5F-FDE25FBE0508}.Debug|Any CPU.ActiveCfg = Debug|Any CPU
		{A6CC8007-B382-48FE-AD5F-FDE25FBE0508}.Debug|Any CPU.Build.0 = Debug|Any CPU
		{A6CC8007-B382-48FE-AD5F-FDE25FBE0508}.Release|Any CPU.ActiveCfg = Release|Any CPU
		{A6CC8007-B382-48FE-AD5F-FDE25FBE0508}.Release|Any CPU.Build.0 = Release|Any CPU
		{A0FB7DF3-1A88-40C9-8724-178548609415}.Debug|Any CPU.ActiveCfg = Debug|Any CPU
		{A0FB7DF3-1A88-40C9-8724-178548609415}.Debug|Any CPU.Build.0 = Debug|Any CPU
		{A0FB7DF3-1A88-40C9-8724-178548609415}.Release|Any CPU.ActiveCfg = Release|Any CPU
		{A0FB7DF3-1A88-40C9-8724-178548609415}.Release|Any CPU.Build.0 = Release|Any CPU
	EndGlobalSection
	GlobalSection(SolutionProperties) = preSolution
		HideSolutionNode = FALSE
	EndGlobalSection
	GlobalSection(ExtensibilityGlobals) = postSolution
		SolutionGuid = {92A3953D-CFCF-4570-8E1F-098F6A7E4BC2}
	EndGlobalSection
EndGlobal
